// !$*UTF8*$!
{
	archiveVersion = 1;
	classes = {
	};
	objectVersion = 52;
	objects = {

/* Begin PBXBuildFile section */
		C84480F626219A00007DEAC8 /* UsersInRealmErasable.swift in Sources */ = {isa = PBXBuildFile; fileRef = C84480F526219A00007DEAC8 /* UsersInRealmErasable.swift */; };
		C84B8BFF261CA24C0027AD17 /* AlertShowable+Extension.swift in Sources */ = {isa = PBXBuildFile; fileRef = C84B8BFE261CA24C0027AD17 /* AlertShowable+Extension.swift */; };
		C8557E2A2634BC660099FF7C /* AvatarViewController.swift in Sources */ = {isa = PBXBuildFile; fileRef = C8557E292634BC660099FF7C /* AvatarViewController.swift */; };
		C8557E2D2634BCB50099FF7C /* AvatarView.swift in Sources */ = {isa = PBXBuildFile; fileRef = C8557E2C2634BCB50099FF7C /* AvatarView.swift */; };
		C8557E33263582670099FF7C /* AvatarViewController+PickerController.swift in Sources */ = {isa = PBXBuildFile; fileRef = C8557E32263582670099FF7C /* AvatarViewController+PickerController.swift */; };
		C85A72142616420C00A42DA6 /* Logger+Extension.swift in Sources */ = {isa = PBXBuildFile; fileRef = C85A72132616420C00A42DA6 /* Logger+Extension.swift */; };
		C85A72182616433500A42DA6 /* CLLocationCoordinate2D+Extension.swift in Sources */ = {isa = PBXBuildFile; fileRef = C85A72172616433500A42DA6 /* CLLocationCoordinate2D+Extension.swift */; };
		C85CE025261AA76F0099AB60 /* InfoPlist.strings in Resources */ = {isa = PBXBuildFile; fileRef = C85CE023261AA76F0099AB60 /* InfoPlist.strings */; };
		C85CE02F261AAB330099AB60 /* Localizable.strings in Resources */ = {isa = PBXBuildFile; fileRef = C85CE031261AAB330099AB60 /* Localizable.strings */; };
		C85CE03C261B1EB10099AB60 /* ReverseGeocodeLoggable+Extension.swift in Sources */ = {isa = PBXBuildFile; fileRef = C85CE03B261B1EB10099AB60 /* ReverseGeocodeLoggable+Extension.swift */; };
		C85CE047261B5BA30099AB60 /* Realm in Frameworks */ = {isa = PBXBuildFile; productRef = C85CE046261B5BA30099AB60 /* Realm */; };
		C85CE049261B5BA30099AB60 /* RealmSwift in Frameworks */ = {isa = PBXBuildFile; productRef = C85CE048261B5BA30099AB60 /* RealmSwift */; };
		C85CE04D261B79B90099AB60 /* RealmManager.swift in Sources */ = {isa = PBXBuildFile; fileRef = C85CE04C261B79B90099AB60 /* RealmManager.swift */; };
		C85CE051261B7BD20099AB60 /* RoutePathRealm.swift in Sources */ = {isa = PBXBuildFile; fileRef = C85CE050261B7BD20099AB60 /* RoutePathRealm.swift */; };
		C85E7358261493E000D4ABDC /* .swiftlint.yml in Resources */ = {isa = PBXBuildFile; fileRef = C85E7357261493E000D4ABDC /* .swiftlint.yml */; };
		C866D9F62614B1B30028BAE1 /* GoogleMapsBase in Frameworks */ = {isa = PBXBuildFile; productRef = C866D9F52614B1B30028BAE1 /* GoogleMapsBase */; };
		C866D9F82614B1B30028BAE1 /* GooglePlaces in Frameworks */ = {isa = PBXBuildFile; productRef = C866D9F72614B1B30028BAE1 /* GooglePlaces */; };
		C866D9FA2614B1B30028BAE1 /* GoogleMapsM4B in Frameworks */ = {isa = PBXBuildFile; productRef = C866D9F92614B1B30028BAE1 /* GoogleMapsM4B */; };
		C866D9FC2614B1B30028BAE1 /* GoogleMapsCore in Frameworks */ = {isa = PBXBuildFile; productRef = C866D9FB2614B1B30028BAE1 /* GoogleMapsCore */; };
		C866D9FE2614B1B30028BAE1 /* GoogleMaps in Frameworks */ = {isa = PBXBuildFile; productRef = C866D9FD2614B1B30028BAE1 /* GoogleMaps */; };
		C866DA0726163E200028BAE1 /* MapViewController+MapView.swift in Sources */ = {isa = PBXBuildFile; fileRef = C866DA0626163E200028BAE1 /* MapViewController+MapView.swift */; };
		C86774C5261F4CDD00EE93DE /* UIFont+Extension.swift in Sources */ = {isa = PBXBuildFile; fileRef = C86774C4261F4CDD00EE93DE /* UIFont+Extension.swift */; };
		C88A2ECE2635CB39008A2FAC /* UIImage+Extension.swift in Sources */ = {isa = PBXBuildFile; fileRef = C88A2ECD2635CB39008A2FAC /* UIImage+Extension.swift */; };
		C88C5AB7261F8232007ECAB7 /* UserRealm.swift in Sources */ = {isa = PBXBuildFile; fileRef = C88C5AB6261F8232007ECAB7 /* UserRealm.swift */; };
		C88C5ABB26203F25007ECAB7 /* UserView.swift in Sources */ = {isa = PBXBuildFile; fileRef = C88C5ABA26203F25007ECAB7 /* UserView.swift */; };
		C88C5ABF26206091007ECAB7 /* SignInView.swift in Sources */ = {isa = PBXBuildFile; fileRef = C88C5ABE26206091007ECAB7 /* SignInView.swift */; };
		C88C5AC2262060EC007ECAB7 /* SignUpView.swift in Sources */ = {isa = PBXBuildFile; fileRef = C88C5AC1262060EC007ECAB7 /* SignUpView.swift */; };
		C88C5AC5262061DE007ECAB7 /* ShakableViews.swift in Sources */ = {isa = PBXBuildFile; fileRef = C88C5AC4262061DE007ECAB7 /* ShakableViews.swift */; };
		C88C5AC826206243007ECAB7 /* Shakable+Extension.swift in Sources */ = {isa = PBXBuildFile; fileRef = C88C5AC726206243007ECAB7 /* Shakable+Extension.swift */; };
		C88C5ACB262063A0007ECAB7 /* CGFloat+Extension.swift in Sources */ = {isa = PBXBuildFile; fileRef = C88C5ACA262063A0007ECAB7 /* CGFloat+Extension.swift */; };
		C88C5ACF262064FA007ECAB7 /* SignInViewController.swift in Sources */ = {isa = PBXBuildFile; fileRef = C88C5ACE262064FA007ECAB7 /* SignInViewController.swift */; };
		C88C5AD226206511007ECAB7 /* SignUpViewController.swift in Sources */ = {isa = PBXBuildFile; fileRef = C88C5AD126206511007ECAB7 /* SignUpViewController.swift */; };
		C88C5AD72620BBCE007ECAB7 /* AppCoordinator.swift in Sources */ = {isa = PBXBuildFile; fileRef = C88C5AD62620BBCE007ECAB7 /* AppCoordinator.swift */; };
		C8A789C4261478E7002C24B4 /* AppDelegate.swift in Sources */ = {isa = PBXBuildFile; fileRef = C8A789C3261478E7002C24B4 /* AppDelegate.swift */; };
		C8A789C6261478E7002C24B4 /* SceneDelegate.swift in Sources */ = {isa = PBXBuildFile; fileRef = C8A789C5261478E7002C24B4 /* SceneDelegate.swift */; };
		C8A789C8261478E7002C24B4 /* MapViewController.swift in Sources */ = {isa = PBXBuildFile; fileRef = C8A789C7261478E7002C24B4 /* MapViewController.swift */; };
		C8A789CD261478EA002C24B4 /* Assets.xcassets in Resources */ = {isa = PBXBuildFile; fileRef = C8A789CC261478EA002C24B4 /* Assets.xcassets */; };
		C8A789D0261478EA002C24B4 /* LaunchScreen.storyboard in Resources */ = {isa = PBXBuildFile; fileRef = C8A789CE261478EA002C24B4 /* LaunchScreen.storyboard */; };
		C8A81628263262A700A9C962 /* NotificationManager.swift in Sources */ = {isa = PBXBuildFile; fileRef = C8A81627263262A700A9C962 /* NotificationManager.swift */; };
		C8AD29442637B90000514EA1 /* MapStyleJSON.swift in Sources */ = {isa = PBXBuildFile; fileRef = C8AD29432637B90000514EA1 /* MapStyleJSON.swift */; };
		C8B3E2AF26365CCF00630E2B /* PhotoStorageService.swift in Sources */ = {isa = PBXBuildFile; fileRef = C8B3E2AE26365CCF00630E2B /* PhotoStorageService.swift */; };
		C8B573002621D0E0001616DE /* PasswordViewController.swift in Sources */ = {isa = PBXBuildFile; fileRef = C8B572FF2621D0E0001616DE /* PasswordViewController.swift */; };
		C8CB74E5261F736A00827779 /* NibNameLoadable+Extension.swift in Sources */ = {isa = PBXBuildFile; fileRef = C8CB74E4261F736A00827779 /* NibNameLoadable+Extension.swift */; };
		C8EC58EE2624AFEA004CCCC9 /* AppRouter.swift in Sources */ = {isa = PBXBuildFile; fileRef = C8EC58ED2624AFEA004CCCC9 /* AppRouter.swift */; };
		C8EC58F12624B079004CCCC9 /* AppRouterProtocol.swift in Sources */ = {isa = PBXBuildFile; fileRef = C8EC58F02624B079004CCCC9 /* AppRouterProtocol.swift */; };
		C8EC58F42624C272004CCCC9 /* UIViewController+Extension.swift in Sources */ = {isa = PBXBuildFile; fileRef = C8EC58F32624C272004CCCC9 /* UIViewController+Extension.swift */; };
		C8EC58FC2626BA01004CCCC9 /* RxCocoa in Frameworks */ = {isa = PBXBuildFile; productRef = C8EC58FB2626BA01004CCCC9 /* RxCocoa */; };
		C8EC58FE2626BA01004CCCC9 /* RxSwift in Frameworks */ = {isa = PBXBuildFile; productRef = C8EC58FD2626BA01004CCCC9 /* RxSwift */; };
		C8EC5902262832BD004CCCC9 /* LocationManager.swift in Sources */ = {isa = PBXBuildFile; fileRef = C8EC5901262832BD004CCCC9 /* LocationManager.swift */; };
		C8F217D2261F267900457B1F /* TabBarController.swift in Sources */ = {isa = PBXBuildFile; fileRef = C8F217D1261F267900457B1F /* TabBarController.swift */; };
		C8F217D9261F2BCC00457B1F /* UIColor+Extension.swift in Sources */ = {isa = PBXBuildFile; fileRef = C8F217D8261F2BCC00457B1F /* UIColor+Extension.swift */; };
		C8F217DC261F2E9400457B1F /* UserViewController.swift in Sources */ = {isa = PBXBuildFile; fileRef = C8F217DB261F2E9400457B1F /* UserViewController.swift */; };
/* End PBXBuildFile section */

/* Begin PBXFileReference section */
		C84480F526219A00007DEAC8 /* UsersInRealmErasable.swift */ = {isa = PBXFileReference; lastKnownFileType = sourcecode.swift; path = UsersInRealmErasable.swift; sourceTree = "<group>"; };
		C84B8BFE261CA24C0027AD17 /* AlertShowable+Extension.swift */ = {isa = PBXFileReference; lastKnownFileType = sourcecode.swift; path = "AlertShowable+Extension.swift"; sourceTree = "<group>"; };
		C8557E292634BC660099FF7C /* AvatarViewController.swift */ = {isa = PBXFileReference; lastKnownFileType = sourcecode.swift; path = AvatarViewController.swift; sourceTree = "<group>"; };
		C8557E2C2634BCB50099FF7C /* AvatarView.swift */ = {isa = PBXFileReference; lastKnownFileType = sourcecode.swift; path = AvatarView.swift; sourceTree = "<group>"; };
		C8557E32263582670099FF7C /* AvatarViewController+PickerController.swift */ = {isa = PBXFileReference; lastKnownFileType = sourcecode.swift; path = "AvatarViewController+PickerController.swift"; sourceTree = "<group>"; };
		C85A72132616420C00A42DA6 /* Logger+Extension.swift */ = {isa = PBXFileReference; lastKnownFileType = sourcecode.swift; path = "Logger+Extension.swift"; sourceTree = "<group>"; };
		C85A72172616433500A42DA6 /* CLLocationCoordinate2D+Extension.swift */ = {isa = PBXFileReference; lastKnownFileType = sourcecode.swift; path = "CLLocationCoordinate2D+Extension.swift"; sourceTree = "<group>"; };
		C85CE024261AA76F0099AB60 /* Base */ = {isa = PBXFileReference; lastKnownFileType = text.plist.strings; name = Base; path = Base.lproj/InfoPlist.strings; sourceTree = "<group>"; };
		C85CE027261AA7C60099AB60 /* en */ = {isa = PBXFileReference; lastKnownFileType = text.plist.strings; name = en; path = en.lproj/InfoPlist.strings; sourceTree = "<group>"; };
		C85CE028261AA8150099AB60 /* ru */ = {isa = PBXFileReference; lastKnownFileType = text.plist.strings; name = ru; path = ru.lproj/LaunchScreen.strings; sourceTree = "<group>"; };
		C85CE029261AA8150099AB60 /* ru */ = {isa = PBXFileReference; lastKnownFileType = text.plist.strings; name = ru; path = ru.lproj/InfoPlist.strings; sourceTree = "<group>"; };
		C85CE030261AAB330099AB60 /* en */ = {isa = PBXFileReference; lastKnownFileType = text.plist.strings; name = en; path = en.lproj/Localizable.strings; sourceTree = "<group>"; };
		C85CE032261AAB390099AB60 /* ru */ = {isa = PBXFileReference; lastKnownFileType = text.plist.strings; name = ru; path = ru.lproj/Localizable.strings; sourceTree = "<group>"; };
		C85CE03B261B1EB10099AB60 /* ReverseGeocodeLoggable+Extension.swift */ = {isa = PBXFileReference; lastKnownFileType = sourcecode.swift; path = "ReverseGeocodeLoggable+Extension.swift"; sourceTree = "<group>"; };
		C85CE04C261B79B90099AB60 /* RealmManager.swift */ = {isa = PBXFileReference; lastKnownFileType = sourcecode.swift; path = RealmManager.swift; sourceTree = "<group>"; };
		C85CE050261B7BD20099AB60 /* RoutePathRealm.swift */ = {isa = PBXFileReference; lastKnownFileType = sourcecode.swift; path = RoutePathRealm.swift; sourceTree = "<group>"; };
		C85E7357261493E000D4ABDC /* .swiftlint.yml */ = {isa = PBXFileReference; lastKnownFileType = text.yaml; path = .swiftlint.yml; sourceTree = "<group>"; };
		C866DA0626163E200028BAE1 /* MapViewController+MapView.swift */ = {isa = PBXFileReference; lastKnownFileType = sourcecode.swift; path = "MapViewController+MapView.swift"; sourceTree = "<group>"; };
		C86774C4261F4CDD00EE93DE /* UIFont+Extension.swift */ = {isa = PBXFileReference; lastKnownFileType = sourcecode.swift; path = "UIFont+Extension.swift"; sourceTree = "<group>"; };
		C88A2ECD2635CB39008A2FAC /* UIImage+Extension.swift */ = {isa = PBXFileReference; lastKnownFileType = sourcecode.swift; path = "UIImage+Extension.swift"; sourceTree = "<group>"; };
		C88C5AB6261F8232007ECAB7 /* UserRealm.swift */ = {isa = PBXFileReference; lastKnownFileType = sourcecode.swift; path = UserRealm.swift; sourceTree = "<group>"; };
		C88C5ABA26203F25007ECAB7 /* UserView.swift */ = {isa = PBXFileReference; lastKnownFileType = sourcecode.swift; path = UserView.swift; sourceTree = "<group>"; };
		C88C5ABE26206091007ECAB7 /* SignInView.swift */ = {isa = PBXFileReference; lastKnownFileType = sourcecode.swift; path = SignInView.swift; sourceTree = "<group>"; };
		C88C5AC1262060EC007ECAB7 /* SignUpView.swift */ = {isa = PBXFileReference; lastKnownFileType = sourcecode.swift; path = SignUpView.swift; sourceTree = "<group>"; };
		C88C5AC4262061DE007ECAB7 /* ShakableViews.swift */ = {isa = PBXFileReference; lastKnownFileType = sourcecode.swift; path = ShakableViews.swift; sourceTree = "<group>"; };
		C88C5AC726206243007ECAB7 /* Shakable+Extension.swift */ = {isa = PBXFileReference; lastKnownFileType = sourcecode.swift; path = "Shakable+Extension.swift"; sourceTree = "<group>"; };
		C88C5ACA262063A0007ECAB7 /* CGFloat+Extension.swift */ = {isa = PBXFileReference; lastKnownFileType = sourcecode.swift; path = "CGFloat+Extension.swift"; sourceTree = "<group>"; };
		C88C5ACE262064FA007ECAB7 /* SignInViewController.swift */ = {isa = PBXFileReference; lastKnownFileType = sourcecode.swift; path = SignInViewController.swift; sourceTree = "<group>"; };
		C88C5AD126206511007ECAB7 /* SignUpViewController.swift */ = {isa = PBXFileReference; lastKnownFileType = sourcecode.swift; path = SignUpViewController.swift; sourceTree = "<group>"; };
		C88C5AD62620BBCE007ECAB7 /* AppCoordinator.swift */ = {isa = PBXFileReference; lastKnownFileType = sourcecode.swift; path = AppCoordinator.swift; sourceTree = "<group>"; };
		C8A789C0261478E7002C24B4 /* Maps.app */ = {isa = PBXFileReference; explicitFileType = wrapper.application; includeInIndex = 0; path = Maps.app; sourceTree = BUILT_PRODUCTS_DIR; };
		C8A789C3261478E7002C24B4 /* AppDelegate.swift */ = {isa = PBXFileReference; lastKnownFileType = sourcecode.swift; path = AppDelegate.swift; sourceTree = "<group>"; };
		C8A789C5261478E7002C24B4 /* SceneDelegate.swift */ = {isa = PBXFileReference; lastKnownFileType = sourcecode.swift; path = SceneDelegate.swift; sourceTree = "<group>"; };
		C8A789C7261478E7002C24B4 /* MapViewController.swift */ = {isa = PBXFileReference; lastKnownFileType = sourcecode.swift; path = MapViewController.swift; sourceTree = "<group>"; };
		C8A789CC261478EA002C24B4 /* Assets.xcassets */ = {isa = PBXFileReference; lastKnownFileType = folder.assetcatalog; path = Assets.xcassets; sourceTree = "<group>"; };
		C8A789CF261478EA002C24B4 /* Base */ = {isa = PBXFileReference; lastKnownFileType = file.storyboard; name = Base; path = Base.lproj/LaunchScreen.storyboard; sourceTree = "<group>"; };
		C8A789D1261478EA002C24B4 /* Info.plist */ = {isa = PBXFileReference; lastKnownFileType = text.plist.xml; path = Info.plist; sourceTree = "<group>"; };
		C8A81627263262A700A9C962 /* NotificationManager.swift */ = {isa = PBXFileReference; lastKnownFileType = sourcecode.swift; path = NotificationManager.swift; sourceTree = "<group>"; };
		C8AD29432637B90000514EA1 /* MapStyleJSON.swift */ = {isa = PBXFileReference; lastKnownFileType = sourcecode.swift; path = MapStyleJSON.swift; sourceTree = "<group>"; };
		C8B3E2AE26365CCF00630E2B /* PhotoStorageService.swift */ = {isa = PBXFileReference; lastKnownFileType = sourcecode.swift; path = PhotoStorageService.swift; sourceTree = "<group>"; };
		C8B572FF2621D0E0001616DE /* PasswordViewController.swift */ = {isa = PBXFileReference; lastKnownFileType = sourcecode.swift; path = PasswordViewController.swift; sourceTree = "<group>"; };
		C8CB74E4261F736A00827779 /* NibNameLoadable+Extension.swift */ = {isa = PBXFileReference; lastKnownFileType = sourcecode.swift; path = "NibNameLoadable+Extension.swift"; sourceTree = "<group>"; };
		C8EC58ED2624AFEA004CCCC9 /* AppRouter.swift */ = {isa = PBXFileReference; lastKnownFileType = sourcecode.swift; path = AppRouter.swift; sourceTree = "<group>"; };
		C8EC58F02624B079004CCCC9 /* AppRouterProtocol.swift */ = {isa = PBXFileReference; lastKnownFileType = sourcecode.swift; path = AppRouterProtocol.swift; sourceTree = "<group>"; };
		C8EC58F32624C272004CCCC9 /* UIViewController+Extension.swift */ = {isa = PBXFileReference; lastKnownFileType = sourcecode.swift; path = "UIViewController+Extension.swift"; sourceTree = "<group>"; };
		C8EC5901262832BD004CCCC9 /* LocationManager.swift */ = {isa = PBXFileReference; lastKnownFileType = sourcecode.swift; path = LocationManager.swift; sourceTree = "<group>"; };
		C8F217D1261F267900457B1F /* TabBarController.swift */ = {isa = PBXFileReference; lastKnownFileType = sourcecode.swift; path = TabBarController.swift; sourceTree = "<group>"; };
		C8F217D8261F2BCC00457B1F /* UIColor+Extension.swift */ = {isa = PBXFileReference; lastKnownFileType = sourcecode.swift; path = "UIColor+Extension.swift"; sourceTree = "<group>"; };
		C8F217DB261F2E9400457B1F /* UserViewController.swift */ = {isa = PBXFileReference; lastKnownFileType = sourcecode.swift; path = UserViewController.swift; sourceTree = "<group>"; };
/* End PBXFileReference section */

/* Begin PBXFrameworksBuildPhase section */
		C8A789BD261478E7002C24B4 /* Frameworks */ = {
			isa = PBXFrameworksBuildPhase;
			buildActionMask = 2147483647;
			files = (
				C8EC58FE2626BA01004CCCC9 /* RxSwift in Frameworks */,
				C85CE047261B5BA30099AB60 /* Realm in Frameworks */,
				C866D9FA2614B1B30028BAE1 /* GoogleMapsM4B in Frameworks */,
				C85CE049261B5BA30099AB60 /* RealmSwift in Frameworks */,
				C866D9FC2614B1B30028BAE1 /* GoogleMapsCore in Frameworks */,
				C866D9FE2614B1B30028BAE1 /* GoogleMaps in Frameworks */,
				C866D9F62614B1B30028BAE1 /* GoogleMapsBase in Frameworks */,
				C8EC58FC2626BA01004CCCC9 /* RxCocoa in Frameworks */,
				C866D9F82614B1B30028BAE1 /* GooglePlaces in Frameworks */,
			);
			runOnlyForDeploymentPostprocessing = 0;
		};
/* End PBXFrameworksBuildPhase section */

/* Begin PBXGroup section */
		C85A7212261641DA00A42DA6 /* Extensions */ = {
			isa = PBXGroup;
			children = (
				C85A72132616420C00A42DA6 /* Logger+Extension.swift */,
				C85A72172616433500A42DA6 /* CLLocationCoordinate2D+Extension.swift */,
				C8F217D8261F2BCC00457B1F /* UIColor+Extension.swift */,
				C86774C4261F4CDD00EE93DE /* UIFont+Extension.swift */,
				C88C5ACA262063A0007ECAB7 /* CGFloat+Extension.swift */,
				C8EC58F32624C272004CCCC9 /* UIViewController+Extension.swift */,
				C88A2ECD2635CB39008A2FAC /* UIImage+Extension.swift */,
			);
			path = Extensions;
			sourceTree = "<group>";
		};
		C85CE02B261AAAEE0099AB60 /* Localizations */ = {
			isa = PBXGroup;
			children = (
				C85CE031261AAB330099AB60 /* Localizable.strings */,
			);
			path = Localizations;
			sourceTree = "<group>";
		};
		C85CE041261B299B0099AB60 /* Protocols */ = {
			isa = PBXGroup;
			children = (
				C85CE03B261B1EB10099AB60 /* ReverseGeocodeLoggable+Extension.swift */,
				C84B8BFE261CA24C0027AD17 /* AlertShowable+Extension.swift */,
				C8CB74E4261F736A00827779 /* NibNameLoadable+Extension.swift */,
				C88C5AC726206243007ECAB7 /* Shakable+Extension.swift */,
				C84480F526219A00007DEAC8 /* UsersInRealmErasable.swift */,
				C8EC58F02624B079004CCCC9 /* AppRouterProtocol.swift */,
			);
			path = Protocols;
			sourceTree = "<group>";
		};
		C85CE04B261B79720099AB60 /* RealmManager */ = {
			isa = PBXGroup;
			children = (
				C85CE04C261B79B90099AB60 /* RealmManager.swift */,
			);
			path = RealmManager;
			sourceTree = "<group>";
		};
		C85CE04F261B7B0A0099AB60 /* Models */ = {
			isa = PBXGroup;
			children = (
				C85CE050261B7BD20099AB60 /* RoutePathRealm.swift */,
				C88C5AB6261F8232007ECAB7 /* UserRealm.swift */,
				C8AD29432637B90000514EA1 /* MapStyleJSON.swift */,
			);
			path = Models;
			sourceTree = "<group>";
		};
		C85E735C2614969700D4ABDC /* App */ = {
			isa = PBXGroup;
			children = (
				C8A789C3261478E7002C24B4 /* AppDelegate.swift */,
				C8A789C5261478E7002C24B4 /* SceneDelegate.swift */,
				C88C5AD62620BBCE007ECAB7 /* AppCoordinator.swift */,
				C8EC58ED2624AFEA004CCCC9 /* AppRouter.swift */,
				C85E73632614987600D4ABDC /* BusinessLogic */,
				C85E73642614989100D4ABDC /* Entity */,
				C85E735D261496CB00D4ABDC /* Flow */,
			);
			path = App;
			sourceTree = "<group>";
		};
		C85E735D261496CB00D4ABDC /* Flow */ = {
			isa = PBXGroup;
			children = (
				C8F217D0261F21D800457B1F /* Common */,
				C85E735E261496D400D4ABDC /* Screens */,
				C85E7365261498BE00D4ABDC /* Components */,
			);
			path = Flow;
			sourceTree = "<group>";
		};
		C85E735E261496D400D4ABDC /* Screens */ = {
			isa = PBXGroup;
			children = (
				C88C5AD426208387007ECAB7 /* RootScreens */,
				C88C5ACD262064AE007ECAB7 /* SuplimentaryScreens */,
			);
			path = Screens;
			sourceTree = "<group>";
		};
		C85E735F2614972200D4ABDC /* Resources */ = {
			isa = PBXGroup;
			children = (
				C85E7361261497BA00D4ABDC /* BaseLprojIsHere */,
				C85CE02B261AAAEE0099AB60 /* Localizations */,
				C8A789CC261478EA002C24B4 /* Assets.xcassets */,
			);
			path = Resources;
			sourceTree = "<group>";
		};
		C85E73602614975300D4ABDC /* Enviroments */ = {
			isa = PBXGroup;
			children = (
				C8A789D1261478EA002C24B4 /* Info.plist */,
			);
			path = Enviroments;
			sourceTree = "<group>";
		};
		C85E7361261497BA00D4ABDC /* BaseLprojIsHere */ = {
			isa = PBXGroup;
			children = (
				C8A789CE261478EA002C24B4 /* LaunchScreen.storyboard */,
				C85CE023261AA76F0099AB60 /* InfoPlist.strings */,
			);
			path = BaseLprojIsHere;
			sourceTree = "<group>";
		};
		C85E73622614981B00D4ABDC /* Core */ = {
			isa = PBXGroup;
			children = (
				C85CE041261B299B0099AB60 /* Protocols */,
				C88C5AB926203EE1007ECAB7 /* Views */,
				C85A7212261641DA00A42DA6 /* Extensions */,
			);
			path = Core;
			sourceTree = "<group>";
		};
		C85E73632614987600D4ABDC /* BusinessLogic */ = {
			isa = PBXGroup;
			children = (
				C8A816262632627900A9C962 /* NotificationManager */,
				C8C9B1B32628B9D400E3A63F /* LocationManager */,
				C85CE04B261B79720099AB60 /* RealmManager */,
				C8B3E2AD26365C7800630E2B /* PhotoStorageService */,
			);
			path = BusinessLogic;
			sourceTree = "<group>";
		};
		C85E73642614989100D4ABDC /* Entity */ = {
			isa = PBXGroup;
			children = (
				C85CE04F261B7B0A0099AB60 /* Models */,
			);
			path = Entity;
			sourceTree = "<group>";
		};
		C85E7365261498BE00D4ABDC /* Components */ = {
			isa = PBXGroup;
			children = (
			);
			path = Components;
			sourceTree = "<group>";
		};
		C88C5AB926203EE1007ECAB7 /* Views */ = {
			isa = PBXGroup;
			children = (
				C88C5ABA26203F25007ECAB7 /* UserView.swift */,
				C88C5ABE26206091007ECAB7 /* SignInView.swift */,
				C88C5AC1262060EC007ECAB7 /* SignUpView.swift */,
				C88C5AC4262061DE007ECAB7 /* ShakableViews.swift */,
				C8557E2C2634BCB50099FF7C /* AvatarView.swift */,
			);
			path = Views;
			sourceTree = "<group>";
		};
		C88C5ACD262064AE007ECAB7 /* SuplimentaryScreens */ = {
			isa = PBXGroup;
			children = (
				C88C5ACE262064FA007ECAB7 /* SignInViewController.swift */,
				C88C5AD126206511007ECAB7 /* SignUpViewController.swift */,
				C8B572FF2621D0E0001616DE /* PasswordViewController.swift */,
				C8557E292634BC660099FF7C /* AvatarViewController.swift */,
				C8557E32263582670099FF7C /* AvatarViewController+PickerController.swift */,
			);
			path = SuplimentaryScreens;
			sourceTree = "<group>";
		};
		C88C5AD426208387007ECAB7 /* RootScreens */ = {
			isa = PBXGroup;
			children = (
				C8A789C7261478E7002C24B4 /* MapViewController.swift */,
				C866DA0626163E200028BAE1 /* MapViewController+MapView.swift */,
				C8F217DB261F2E9400457B1F /* UserViewController.swift */,
			);
			path = RootScreens;
			sourceTree = "<group>";
		};
		C8A789B7261478E7002C24B4 = {
			isa = PBXGroup;
			children = (
				C85E7357261493E000D4ABDC /* .swiftlint.yml */,
				C8A789C2261478E7002C24B4 /* Maps */,
				C8A789C1261478E7002C24B4 /* Products */,
			);
			sourceTree = "<group>";
		};
		C8A789C1261478E7002C24B4 /* Products */ = {
			isa = PBXGroup;
			children = (
				C8A789C0261478E7002C24B4 /* Maps.app */,
			);
			name = Products;
			sourceTree = "<group>";
		};
		C8A789C2261478E7002C24B4 /* Maps */ = {
			isa = PBXGroup;
			children = (
				C85E735C2614969700D4ABDC /* App */,
				C85E73622614981B00D4ABDC /* Core */,
				C85E735F2614972200D4ABDC /* Resources */,
				C85E73602614975300D4ABDC /* Enviroments */,
			);
			path = Maps;
			sourceTree = "<group>";
		};
		C8A816262632627900A9C962 /* NotificationManager */ = {
			isa = PBXGroup;
			children = (
				C8A81627263262A700A9C962 /* NotificationManager.swift */,
			);
			path = NotificationManager;
			sourceTree = "<group>";
		};
		C8B3E2AD26365C7800630E2B /* PhotoStorageService */ = {
			isa = PBXGroup;
			children = (
				C8B3E2AE26365CCF00630E2B /* PhotoStorageService.swift */,
			);
			path = PhotoStorageService;
			sourceTree = "<group>";
		};
		C8C9B1B32628B9D400E3A63F /* LocationManager */ = {
			isa = PBXGroup;
			children = (
				C8EC5901262832BD004CCCC9 /* LocationManager.swift */,
			);
			path = LocationManager;
			sourceTree = "<group>";
		};
		C8F217D0261F21D800457B1F /* Common */ = {
			isa = PBXGroup;
			children = (
				C8F217D1261F267900457B1F /* TabBarController.swift */,
			);
			path = Common;
			sourceTree = "<group>";
		};
/* End PBXGroup section */

/* Begin PBXNativeTarget section */
		C8A789BF261478E7002C24B4 /* Maps */ = {
			isa = PBXNativeTarget;
			buildConfigurationList = C8A789D4261478EA002C24B4 /* Build configuration list for PBXNativeTarget "Maps" */;
			buildPhases = (
				C8A789BC261478E7002C24B4 /* Sources */,
				C8A789BD261478E7002C24B4 /* Frameworks */,
				C8A789BE261478E7002C24B4 /* Resources */,
				C85E735A261494C800D4ABDC /* Run Swiftlint Script */,
			);
			buildRules = (
			);
			dependencies = (
			);
			name = Maps;
			packageProductDependencies = (
				C866D9F52614B1B30028BAE1 /* GoogleMapsBase */,
				C866D9F72614B1B30028BAE1 /* GooglePlaces */,
				C866D9F92614B1B30028BAE1 /* GoogleMapsM4B */,
				C866D9FB2614B1B30028BAE1 /* GoogleMapsCore */,
				C866D9FD2614B1B30028BAE1 /* GoogleMaps */,
				C85CE046261B5BA30099AB60 /* Realm */,
				C85CE048261B5BA30099AB60 /* RealmSwift */,
				C8EC58FB2626BA01004CCCC9 /* RxCocoa */,
				C8EC58FD2626BA01004CCCC9 /* RxSwift */,
			);
			productName = Maps;
			productReference = C8A789C0261478E7002C24B4 /* Maps.app */;
			productType = "com.apple.product-type.application";
		};
/* End PBXNativeTarget section */

/* Begin PBXProject section */
		C8A789B8261478E7002C24B4 /* Project object */ = {
			isa = PBXProject;
			attributes = {
				LastSwiftUpdateCheck = 1240;
				LastUpgradeCheck = 1240;
				TargetAttributes = {
					C8A789BF261478E7002C24B4 = {
						CreatedOnToolsVersion = 12.4;
					};
				};
			};
			buildConfigurationList = C8A789BB261478E7002C24B4 /* Build configuration list for PBXProject "Maps" */;
			compatibilityVersion = "Xcode 9.3";
			developmentRegion = en;
			hasScannedForEncodings = 0;
			knownRegions = (
				en,
				Base,
				ru,
			);
			mainGroup = C8A789B7261478E7002C24B4;
			packageReferences = (
				C866D9F42614B1B30028BAE1 /* XCRemoteSwiftPackageReference "GoogleMaps-SP" */,
				C85CE045261B5BA30099AB60 /* XCRemoteSwiftPackageReference "realm-cocoa" */,
				C8EC58FA2626BA01004CCCC9 /* XCRemoteSwiftPackageReference "RxSwift" */,
			);
			productRefGroup = C8A789C1261478E7002C24B4 /* Products */;
			projectDirPath = "";
			projectRoot = "";
			targets = (
				C8A789BF261478E7002C24B4 /* Maps */,
			);
		};
/* End PBXProject section */

/* Begin PBXResourcesBuildPhase section */
		C8A789BE261478E7002C24B4 /* Resources */ = {
			isa = PBXResourcesBuildPhase;
			buildActionMask = 2147483647;
			files = (
				C85CE02F261AAB330099AB60 /* Localizable.strings in Resources */,
				C85E7358261493E000D4ABDC /* .swiftlint.yml in Resources */,
				C85CE025261AA76F0099AB60 /* InfoPlist.strings in Resources */,
				C8A789D0261478EA002C24B4 /* LaunchScreen.storyboard in Resources */,
				C8A789CD261478EA002C24B4 /* Assets.xcassets in Resources */,
			);
			runOnlyForDeploymentPostprocessing = 0;
		};
/* End PBXResourcesBuildPhase section */

/* Begin PBXShellScriptBuildPhase section */
		C85E735A261494C800D4ABDC /* Run Swiftlint Script */ = {
			isa = PBXShellScriptBuildPhase;
			buildActionMask = 2147483647;
			files = (
			);
			inputFileListPaths = (
			);
			inputPaths = (
			);
			name = "Run Swiftlint Script";
			outputFileListPaths = (
			);
			outputPaths = (
			);
			runOnlyForDeploymentPostprocessing = 0;
			shellPath = /bin/sh;
			shellScript = "# Type a script or drag a script file from your workspace to insert its path.\nif which swiftlint >/dev/null; then\n  swiftlint\nelse\n  echo \"warning: SwiftLint not installed, download from https://github.com/realm/SwiftLint\"\nfi\n";
		};
/* End PBXShellScriptBuildPhase section */

/* Begin PBXSourcesBuildPhase section */
		C8A789BC261478E7002C24B4 /* Sources */ = {
			isa = PBXSourcesBuildPhase;
			buildActionMask = 2147483647;
			files = (
				C88C5AD72620BBCE007ECAB7 /* AppCoordinator.swift in Sources */,
				C88C5ABF26206091007ECAB7 /* SignInView.swift in Sources */,
				C8557E33263582670099FF7C /* AvatarViewController+PickerController.swift in Sources */,
				C88A2ECE2635CB39008A2FAC /* UIImage+Extension.swift in Sources */,
				C8EC58F12624B079004CCCC9 /* AppRouterProtocol.swift in Sources */,
				C86774C5261F4CDD00EE93DE /* UIFont+Extension.swift in Sources */,
				C85CE051261B7BD20099AB60 /* RoutePathRealm.swift in Sources */,
				C8EC58EE2624AFEA004CCCC9 /* AppRouter.swift in Sources */,
				C8A789C8261478E7002C24B4 /* MapViewController.swift in Sources */,
				C8EC5902262832BD004CCCC9 /* LocationManager.swift in Sources */,
				C88C5AC826206243007ECAB7 /* Shakable+Extension.swift in Sources */,
				C8F217DC261F2E9400457B1F /* UserViewController.swift in Sources */,
				C88C5ACB262063A0007ECAB7 /* CGFloat+Extension.swift in Sources */,
				C88C5AC2262060EC007ECAB7 /* SignUpView.swift in Sources */,
				C88C5AB7261F8232007ECAB7 /* UserRealm.swift in Sources */,
				C84480F626219A00007DEAC8 /* UsersInRealmErasable.swift in Sources */,
				C8AD29442637B90000514EA1 /* MapStyleJSON.swift in Sources */,
				C88C5AC5262061DE007ECAB7 /* ShakableViews.swift in Sources */,
				C8557E2D2634BCB50099FF7C /* AvatarView.swift in Sources */,
				C8F217D2261F267900457B1F /* TabBarController.swift in Sources */,
				C8F217D9261F2BCC00457B1F /* UIColor+Extension.swift in Sources */,
				C85CE04D261B79B90099AB60 /* RealmManager.swift in Sources */,
				C866DA0726163E200028BAE1 /* MapViewController+MapView.swift in Sources */,
				C8EC58F42624C272004CCCC9 /* UIViewController+Extension.swift in Sources */,
				C8A789C4261478E7002C24B4 /* AppDelegate.swift in Sources */,
				C8B573002621D0E0001616DE /* PasswordViewController.swift in Sources */,
				C8CB74E5261F736A00827779 /* NibNameLoadable+Extension.swift in Sources */,
				C8557E2A2634BC660099FF7C /* AvatarViewController.swift in Sources */,
				C85A72182616433500A42DA6 /* CLLocationCoordinate2D+Extension.swift in Sources */,
				C85CE03C261B1EB10099AB60 /* ReverseGeocodeLoggable+Extension.swift in Sources */,
				C88C5AD226206511007ECAB7 /* SignUpViewController.swift in Sources */,
				C88C5ABB26203F25007ECAB7 /* UserView.swift in Sources */,
				C8A81628263262A700A9C962 /* NotificationManager.swift in Sources */,
				C8A789C6261478E7002C24B4 /* SceneDelegate.swift in Sources */,
				C85A72142616420C00A42DA6 /* Logger+Extension.swift in Sources */,
				C88C5ACF262064FA007ECAB7 /* SignInViewController.swift in Sources */,
				C84B8BFF261CA24C0027AD17 /* AlertShowable+Extension.swift in Sources */,
				C8B3E2AF26365CCF00630E2B /* PhotoStorageService.swift in Sources */,
			);
			runOnlyForDeploymentPostprocessing = 0;
		};
/* End PBXSourcesBuildPhase section */

/* Begin PBXVariantGroup section */
		C85CE023261AA76F0099AB60 /* InfoPlist.strings */ = {
			isa = PBXVariantGroup;
			children = (
				C85CE024261AA76F0099AB60 /* Base */,
				C85CE027261AA7C60099AB60 /* en */,
				C85CE029261AA8150099AB60 /* ru */,
			);
			name = InfoPlist.strings;
			sourceTree = "<group>";
		};
		C85CE031261AAB330099AB60 /* Localizable.strings */ = {
			isa = PBXVariantGroup;
			children = (
				C85CE030261AAB330099AB60 /* en */,
				C85CE032261AAB390099AB60 /* ru */,
			);
			name = Localizable.strings;
			sourceTree = "<group>";
		};
		C8A789CE261478EA002C24B4 /* LaunchScreen.storyboard */ = {
			isa = PBXVariantGroup;
			children = (
				C8A789CF261478EA002C24B4 /* Base */,
				C85CE028261AA8150099AB60 /* ru */,
			);
			name = LaunchScreen.storyboard;
			sourceTree = "<group>";
		};
/* End PBXVariantGroup section */

/* Begin XCBuildConfiguration section */
		C8A789D2261478EA002C24B4 /* Debug */ = {
			isa = XCBuildConfiguration;
			buildSettings = {
				ALWAYS_SEARCH_USER_PATHS = NO;
				CLANG_ANALYZER_LOCALIZABILITY_NONLOCALIZED = YES;
				CLANG_ANALYZER_NONNULL = YES;
				CLANG_ANALYZER_NUMBER_OBJECT_CONVERSION = YES_AGGRESSIVE;
				CLANG_CXX_LANGUAGE_STANDARD = "gnu++14";
				CLANG_CXX_LIBRARY = "libc++";
				CLANG_ENABLE_MODULES = YES;
				CLANG_ENABLE_OBJC_ARC = YES;
				CLANG_ENABLE_OBJC_WEAK = YES;
				CLANG_WARN_BLOCK_CAPTURE_AUTORELEASING = YES;
				CLANG_WARN_BOOL_CONVERSION = YES;
				CLANG_WARN_COMMA = YES;
				CLANG_WARN_CONSTANT_CONVERSION = YES;
				CLANG_WARN_DEPRECATED_OBJC_IMPLEMENTATIONS = YES;
				CLANG_WARN_DIRECT_OBJC_ISA_USAGE = YES_ERROR;
				CLANG_WARN_DOCUMENTATION_COMMENTS = YES;
				CLANG_WARN_EMPTY_BODY = YES;
				CLANG_WARN_ENUM_CONVERSION = YES;
				CLANG_WARN_INFINITE_RECURSION = YES;
				CLANG_WARN_INT_CONVERSION = YES;
				CLANG_WARN_NON_LITERAL_NULL_CONVERSION = YES;
				CLANG_WARN_OBJC_IMPLICIT_RETAIN_SELF = YES;
				CLANG_WARN_OBJC_LITERAL_CONVERSION = YES;
				CLANG_WARN_OBJC_ROOT_CLASS = YES_ERROR;
				CLANG_WARN_QUOTED_INCLUDE_IN_FRAMEWORK_HEADER = YES;
				CLANG_WARN_RANGE_LOOP_ANALYSIS = YES;
				CLANG_WARN_STRICT_PROTOTYPES = YES;
				CLANG_WARN_SUSPICIOUS_MOVE = YES;
				CLANG_WARN_UNGUARDED_AVAILABILITY = YES_AGGRESSIVE;
				CLANG_WARN_UNREACHABLE_CODE = YES;
				CLANG_WARN__DUPLICATE_METHOD_MATCH = YES;
				COPY_PHASE_STRIP = NO;
				DEBUG_INFORMATION_FORMAT = dwarf;
				ENABLE_STRICT_OBJC_MSGSEND = YES;
				ENABLE_TESTABILITY = YES;
				GCC_C_LANGUAGE_STANDARD = gnu11;
				GCC_DYNAMIC_NO_PIC = NO;
				GCC_NO_COMMON_BLOCKS = YES;
				GCC_OPTIMIZATION_LEVEL = 0;
				GCC_PREPROCESSOR_DEFINITIONS = (
					"DEBUG=1",
					"$(inherited)",
				);
				GCC_WARN_64_TO_32_BIT_CONVERSION = YES;
				GCC_WARN_ABOUT_RETURN_TYPE = YES_ERROR;
				GCC_WARN_UNDECLARED_SELECTOR = YES;
				GCC_WARN_UNINITIALIZED_AUTOS = YES_AGGRESSIVE;
				GCC_WARN_UNUSED_FUNCTION = YES;
				GCC_WARN_UNUSED_VARIABLE = YES;
				IPHONEOS_DEPLOYMENT_TARGET = 14.4;
				MTL_ENABLE_DEBUG_INFO = INCLUDE_SOURCE;
				MTL_FAST_MATH = YES;
				ONLY_ACTIVE_ARCH = YES;
				SDKROOT = iphoneos;
				SWIFT_ACTIVE_COMPILATION_CONDITIONS = DEBUG;
				SWIFT_OPTIMIZATION_LEVEL = "-Onone";
			};
			name = Debug;
		};
		C8A789D3261478EA002C24B4 /* Release */ = {
			isa = XCBuildConfiguration;
			buildSettings = {
				ALWAYS_SEARCH_USER_PATHS = NO;
				CLANG_ANALYZER_LOCALIZABILITY_NONLOCALIZED = YES;
				CLANG_ANALYZER_NONNULL = YES;
				CLANG_ANALYZER_NUMBER_OBJECT_CONVERSION = YES_AGGRESSIVE;
				CLANG_CXX_LANGUAGE_STANDARD = "gnu++14";
				CLANG_CXX_LIBRARY = "libc++";
				CLANG_ENABLE_MODULES = YES;
				CLANG_ENABLE_OBJC_ARC = YES;
				CLANG_ENABLE_OBJC_WEAK = YES;
				CLANG_WARN_BLOCK_CAPTURE_AUTORELEASING = YES;
				CLANG_WARN_BOOL_CONVERSION = YES;
				CLANG_WARN_COMMA = YES;
				CLANG_WARN_CONSTANT_CONVERSION = YES;
				CLANG_WARN_DEPRECATED_OBJC_IMPLEMENTATIONS = YES;
				CLANG_WARN_DIRECT_OBJC_ISA_USAGE = YES_ERROR;
				CLANG_WARN_DOCUMENTATION_COMMENTS = YES;
				CLANG_WARN_EMPTY_BODY = YES;
				CLANG_WARN_ENUM_CONVERSION = YES;
				CLANG_WARN_INFINITE_RECURSION = YES;
				CLANG_WARN_INT_CONVERSION = YES;
				CLANG_WARN_NON_LITERAL_NULL_CONVERSION = YES;
				CLANG_WARN_OBJC_IMPLICIT_RETAIN_SELF = YES;
				CLANG_WARN_OBJC_LITERAL_CONVERSION = YES;
				CLANG_WARN_OBJC_ROOT_CLASS = YES_ERROR;
				CLANG_WARN_QUOTED_INCLUDE_IN_FRAMEWORK_HEADER = YES;
				CLANG_WARN_RANGE_LOOP_ANALYSIS = YES;
				CLANG_WARN_STRICT_PROTOTYPES = YES;
				CLANG_WARN_SUSPICIOUS_MOVE = YES;
				CLANG_WARN_UNGUARDED_AVAILABILITY = YES_AGGRESSIVE;
				CLANG_WARN_UNREACHABLE_CODE = YES;
				CLANG_WARN__DUPLICATE_METHOD_MATCH = YES;
				COPY_PHASE_STRIP = NO;
				DEBUG_INFORMATION_FORMAT = "dwarf-with-dsym";
				ENABLE_NS_ASSERTIONS = NO;
				ENABLE_STRICT_OBJC_MSGSEND = YES;
				GCC_C_LANGUAGE_STANDARD = gnu11;
				GCC_NO_COMMON_BLOCKS = YES;
				GCC_WARN_64_TO_32_BIT_CONVERSION = YES;
				GCC_WARN_ABOUT_RETURN_TYPE = YES_ERROR;
				GCC_WARN_UNDECLARED_SELECTOR = YES;
				GCC_WARN_UNINITIALIZED_AUTOS = YES_AGGRESSIVE;
				GCC_WARN_UNUSED_FUNCTION = YES;
				GCC_WARN_UNUSED_VARIABLE = YES;
				IPHONEOS_DEPLOYMENT_TARGET = 14.4;
				MTL_ENABLE_DEBUG_INFO = NO;
				MTL_FAST_MATH = YES;
				SDKROOT = iphoneos;
				SWIFT_COMPILATION_MODE = wholemodule;
				SWIFT_OPTIMIZATION_LEVEL = "-O";
				VALIDATE_PRODUCT = YES;
			};
			name = Release;
		};
		C8A789D5261478EA002C24B4 /* Debug */ = {
			isa = XCBuildConfiguration;
			buildSettings = {
				ASSETCATALOG_COMPILER_APPICON_NAME = AppIcon;
				ASSETCATALOG_COMPILER_GLOBAL_ACCENT_COLOR_NAME = AccentColor;
				CODE_SIGN_STYLE = Automatic;
				DEVELOPMENT_TEAM = G2Z4Y76PYN;
				INFOPLIST_FILE = Maps/Enviroments/Info.plist;
				LD_RUNPATH_SEARCH_PATHS = (
					"$(inherited)",
					"@executable_path/Frameworks",
				);
				PRODUCT_BUNDLE_IDENTIFIER = rkolossov.Maps;
				PRODUCT_NAME = "$(TARGET_NAME)";
				SWIFT_VERSION = 5.0;
				TARGETED_DEVICE_FAMILY = "1,2";
			};
			name = Debug;
		};
		C8A789D6261478EA002C24B4 /* Release */ = {
			isa = XCBuildConfiguration;
			buildSettings = {
				ASSETCATALOG_COMPILER_APPICON_NAME = AppIcon;
				ASSETCATALOG_COMPILER_GLOBAL_ACCENT_COLOR_NAME = AccentColor;
				CODE_SIGN_STYLE = Automatic;
				DEVELOPMENT_TEAM = G2Z4Y76PYN;
				INFOPLIST_FILE = Maps/Enviroments/Info.plist;
				LD_RUNPATH_SEARCH_PATHS = (
					"$(inherited)",
					"@executable_path/Frameworks",
				);
				PRODUCT_BUNDLE_IDENTIFIER = rkolossov.Maps;
				PRODUCT_NAME = "$(TARGET_NAME)";
				SWIFT_VERSION = 5.0;
				TARGETED_DEVICE_FAMILY = "1,2";
			};
			name = Release;
		};
/* End XCBuildConfiguration section */

/* Begin XCConfigurationList section */
		C8A789BB261478E7002C24B4 /* Build configuration list for PBXProject "Maps" */ = {
			isa = XCConfigurationList;
			buildConfigurations = (
				C8A789D2261478EA002C24B4 /* Debug */,
				C8A789D3261478EA002C24B4 /* Release */,
			);
			defaultConfigurationIsVisible = 0;
			defaultConfigurationName = Release;
		};
		C8A789D4261478EA002C24B4 /* Build configuration list for PBXNativeTarget "Maps" */ = {
			isa = XCConfigurationList;
			buildConfigurations = (
				C8A789D5261478EA002C24B4 /* Debug */,
				C8A789D6261478EA002C24B4 /* Release */,
			);
			defaultConfigurationIsVisible = 0;
			defaultConfigurationName = Release;
		};
/* End XCConfigurationList section */

/* Begin XCRemoteSwiftPackageReference section */
		C85CE045261B5BA30099AB60 /* XCRemoteSwiftPackageReference "realm-cocoa" */ = {
			isa = XCRemoteSwiftPackageReference;
			repositoryURL = "https://github.com/realm/realm-cocoa.git";
			requirement = {
				kind = upToNextMajorVersion;
				minimumVersion = 10.7.2;
			};
		};
		C866D9F42614B1B30028BAE1 /* XCRemoteSwiftPackageReference "GoogleMaps-SP" */ = {
			isa = XCRemoteSwiftPackageReference;
			repositoryURL = "https://github.com/YAtechnologies/GoogleMaps-SP.git";
			requirement = {
				kind = upToNextMajorVersion;
				minimumVersion = 4.2.0;
			};
		};
		C8EC58FA2626BA01004CCCC9 /* XCRemoteSwiftPackageReference "RxSwift" */ = {
			isa = XCRemoteSwiftPackageReference;
			repositoryURL = "https://github.com/ReactiveX/RxSwift.git";
			requirement = {
				kind = upToNextMajorVersion;
				minimumVersion = 6.1.0;
			};
		};
/* End XCRemoteSwiftPackageReference section */

/* Begin XCSwiftPackageProductDependency section */
		C85CE046261B5BA30099AB60 /* Realm */ = {
			isa = XCSwiftPackageProductDependency;
			package = C85CE045261B5BA30099AB60 /* XCRemoteSwiftPackageReference "realm-cocoa" */;
			productName = Realm;
		};
		C85CE048261B5BA30099AB60 /* RealmSwift */ = {
			isa = XCSwiftPackageProductDependency;
			package = C85CE045261B5BA30099AB60 /* XCRemoteSwiftPackageReference "realm-cocoa" */;
			productName = RealmSwift;
		};
		C866D9F52614B1B30028BAE1 /* GoogleMapsBase */ = {
			isa = XCSwiftPackageProductDependency;
			package = C866D9F42614B1B30028BAE1 /* XCRemoteSwiftPackageReference "GoogleMaps-SP" */;
			productName = GoogleMapsBase;
		};
		C866D9F72614B1B30028BAE1 /* GooglePlaces */ = {
			isa = XCSwiftPackageProductDependency;
			package = C866D9F42614B1B30028BAE1 /* XCRemoteSwiftPackageReference "GoogleMaps-SP" */;
			productName = GooglePlaces;
		};
		C866D9F92614B1B30028BAE1 /* GoogleMapsM4B */ = {
			isa = XCSwiftPackageProductDependency;
			package = C866D9F42614B1B30028BAE1 /* XCRemoteSwiftPackageReference "GoogleMaps-SP" */;
			productName = GoogleMapsM4B;
		};
		C866D9FB2614B1B30028BAE1 /* GoogleMapsCore */ = {
			isa = XCSwiftPackageProductDependency;
			package = C866D9F42614B1B30028BAE1 /* XCRemoteSwiftPackageReference "GoogleMaps-SP" */;
			productName = GoogleMapsCore;
		};
		C866D9FD2614B1B30028BAE1 /* GoogleMaps */ = {
			isa = XCSwiftPackageProductDependency;
			package = C866D9F42614B1B30028BAE1 /* XCRemoteSwiftPackageReference "GoogleMaps-SP" */;
			productName = GoogleMaps;
		};
		C8EC58FB2626BA01004CCCC9 /* RxCocoa */ = {
			isa = XCSwiftPackageProductDependency;
			package = C8EC58FA2626BA01004CCCC9 /* XCRemoteSwiftPackageReference "RxSwift" */;
			productName = RxCocoa;
		};
		C8EC58FD2626BA01004CCCC9 /* RxSwift */ = {
			isa = XCSwiftPackageProductDependency;
			package = C8EC58FA2626BA01004CCCC9 /* XCRemoteSwiftPackageReference "RxSwift" */;
			productName = RxSwift;
		};
/* End XCSwiftPackageProductDependency section */
	};
	rootObject = C8A789B8261478E7002C24B4 /* Project object */;
}
